
Microsoft Visual Studio Solution File, Format Version 12.00
# Visual Studio Version 17
VisualStudioVersion = 17.2.32630.192
MinimumVisualStudioVersion = 10.0.40219.1
Project("{FAE04EC0-301F-11D3-BF4B-00C04F79EFBC}") = "SplitExpense", "SplitExpense\SplitExpense.csproj", "{24176038-4B95-4145-A11C-894FB65EBE33}"
EndProject
Global
	GlobalSection(SolutionConfigurationPlatforms) = preSolution
		Debug|Any CPU = Debug|Any CPU
		Release|Any CPU = Release|Any CPU
	EndGlobalSection
	GlobalSection(ProjectConfigurationPlatforms) = postSolution
		{24176038-4B95-4145-A11C-894FB65EBE33}.Debug|Any CPU.ActiveCfg = Debug|Any CPU
		{24176038-4B95-4145-A11C-894FB65EBE33}.Debug|Any CPU.Build.0 = Debug|Any CPU
		{24176038-4B95-4145-A11C-894FB65EBE33}.Release|Any CPU.ActiveCfg = Release|Any CPU
		{24176038-4B95-4145-A11C-894FB65EBE33}.Release|Any CPU.Build.0 = Release|Any CPU
	EndGlobalSection
	GlobalSection(SolutionProperties) = preSolution
		HideSolutionNode = FALSE
	EndGlobalSection
	GlobalSection(ExtensibilityGlobals) = postSolution
		SolutionGuid = {487157F3-6F78-4894-87EE-741F06093FE5}
	EndGlobalSection
EndGlobal
